// !$*UTF8*$!
{
	archiveVersion = 1;
	classes = {
	};
	objectVersion = 46;
	objects = {

/* Begin PBXBuildFile section */
		840415941CBBFFF3009E61D5 /* main.m in Sources */ = {isa = PBXBuildFile; fileRef = 840415931CBBFFF3009E61D5 /* main.m */; };
		840415971CBBFFF3009E61D5 /* AppDelegate.m in Sources */ = {isa = PBXBuildFile; fileRef = 840415961CBBFFF3009E61D5 /* AppDelegate.m */; };
		8404159A1CBBFFF3009E61D5 /* ViewController.m in Sources */ = {isa = PBXBuildFile; fileRef = 840415991CBBFFF3009E61D5 /* ViewController.m */; };
		8404159D1CBBFFF3009E61D5 /* Main.storyboard in Resources */ = {isa = PBXBuildFile; fileRef = 8404159B1CBBFFF3009E61D5 /* Main.storyboard */; };
		840415A01CBBFFF3009E61D5 /* APIHomework.xcdatamodeld in Sources */ = {isa = PBXBuildFile; fileRef = 8404159E1CBBFFF3009E61D5 /* APIHomework.xcdatamodeld */; };
		840415A21CBBFFF3009E61D5 /* Assets.xcassets in Resources */ = {isa = PBXBuildFile; fileRef = 840415A11CBBFFF3009E61D5 /* Assets.xcassets */; };
		840415A51CBBFFF3009E61D5 /* LaunchScreen.storyboard in Resources */ = {isa = PBXBuildFile; fileRef = 840415A31CBBFFF3009E61D5 /* LaunchScreen.storyboard */; };
/* End PBXBuildFile section */

/* Begin PBXFileReference section */
		8404158F1CBBFFF3009E61D5 /* APIHomework.app */ = {isa = PBXFileReference; explicitFileType = wrapper.application; includeInIndex = 0; path = APIHomework.app; sourceTree = BUILT_PRODUCTS_DIR; };
		840415931CBBFFF3009E61D5 /* main.m */ = {isa = PBXFileReference; lastKnownFileType = sourcecode.c.objc; path = main.m; sourceTree = "<group>"; };
		840415951CBBFFF3009E61D5 /* AppDelegate.h */ = {isa = PBXFileReference; lastKnownFileType = sourcecode.c.h; path = AppDelegate.h; sourceTree = "<group>"; };
		840415961CBBFFF3009E61D5 /* AppDelegate.m */ = {isa = PBXFileReference; lastKnownFileType = sourcecode.c.objc; path = AppDelegate.m; sourceTree = "<group>"; };
		840415981CBBFFF3009E61D5 /* ViewController.h */ = {isa = PBXFileReference; lastKnownFileType = sourcecode.c.h; path = ViewController.h; sourceTree = "<group>"; };
		840415991CBBFFF3009E61D5 /* ViewController.m */ = {isa = PBXFileReference; lastKnownFileType = sourcecode.c.objc; path = ViewController.m; sourceTree = "<group>"; };
		8404159C1CBBFFF3009E61D5 /* Base */ = {isa = PBXFileReference; lastKnownFileType = file.storyboard; name = Base; path = Base.lproj/Main.storyboard; sourceTree = "<group>"; };
		8404159F1CBBFFF3009E61D5 /* APIHomework.xcdatamodel */ = {isa = PBXFileReference; lastKnownFileType = wrapper.xcdatamodel; path = APIHomework.xcdatamodel; sourceTree = "<group>"; };
		840415A11CBBFFF3009E61D5 /* Assets.xcassets */ = {isa = PBXFileReference; lastKnownFileType = folder.assetcatalog; path = Assets.xcassets; sourceTree = "<group>"; };
		840415A41CBBFFF3009E61D5 /* Base */ = {isa = PBXFileReference; lastKnownFileType = file.storyboard; name = Base; path = Base.lproj/LaunchScreen.storyboard; sourceTree = "<group>"; };
		840415A61CBBFFF3009E61D5 /* Info.plist */ = {isa = PBXFileReference; lastKnownFileType = text.plist.xml; path = Info.plist; sourceTree = "<group>"; };
/* End PBXFileReference section */

/* Begin PBXFrameworksBuildPhase section */
		8404158C1CBBFFF3009E61D5 /* Frameworks */ = {
			isa = PBXFrameworksBuildPhase;
			buildActionMask = 2147483647;
			files = (
			);
			runOnlyForDeploymentPostprocessing = 0;
		};
/* End PBXFrameworksBuildPhase section */

/* Begin PBXGroup section */
		840415861CBBFFF3009E61D5 = {
			isa = PBXGroup;
			children = (
				840415911CBBFFF3009E61D5 /* APIHomework */,
				840415901CBBFFF3009E61D5 /* Products */,
			);
			sourceTree = "<group>";
		};
		840415901CBBFFF3009E61D5 /* Products */ = {
			isa = PBXGroup;
			children = (
				8404158F1CBBFFF3009E61D5 /* APIHomework.app */,
			);
			name = Products;
			sourceTree = "<group>";
		};
		840415911CBBFFF3009E61D5 /* APIHomework */ = {
			isa = PBXGroup;
			children = (
				840415951CBBFFF3009E61D5 /* AppDelegate.h */,
				840415961CBBFFF3009E61D5 /* AppDelegate.m */,
				840415981CBBFFF3009E61D5 /* ViewController.h */,
				840415991CBBFFF3009E61D5 /* ViewController.m */,
				8404159B1CBBFFF3009E61D5 /* Main.storyboard */,
				840415A11CBBFFF3009E61D5 /* Assets.xcassets */,
				840415A31CBBFFF3009E61D5 /* LaunchScreen.storyboard */,
				840415A61CBBFFF3009E61D5 /* Info.plist */,
				8404159E1CBBFFF3009E61D5 /* APIHomework.xcdatamodeld */,
				840415921CBBFFF3009E61D5 /* Supporting Files */,
			);
			path = APIHomework;
			sourceTree = "<group>";
		};
		840415921CBBFFF3009E61D5 /* Supporting Files */ = {
			isa = PBXGroup;
			children = (
				840415931CBBFFF3009E61D5 /* main.m */,
			);
			name = "Supporting Files";
			sourceTree = "<group>";
		};
/* End PBXGroup section */

/* Begin PBXNativeTarget section */
		8404158E1CBBFFF3009E61D5 /* APIHomework */ = {
			isa = PBXNativeTarget;
			buildConfigurationList = 840415A91CBBFFF3009E61D5 /* Build configuration list for PBXNativeTarget "APIHomework" */;
			buildPhases = (
				8404158B1CBBFFF3009E61D5 /* Sources */,
				8404158C1CBBFFF3009E61D5 /* Frameworks */,
				8404158D1CBBFFF3009E61D5 /* Resources */,
			);
			buildRules = (
			);
			dependencies = (
			);
			name = APIHomework;
			productName = APIHomework;
			productReference = 8404158F1CBBFFF3009E61D5 /* APIHomework.app */;
			productType = "com.apple.product-type.application";
		};
/* End PBXNativeTarget section */

/* Begin PBXProject section */
		840415871CBBFFF3009E61D5 /* Project object */ = {
			isa = PBXProject;
			attributes = {
				LastUpgradeCheck = 0720;
				ORGANIZATIONNAME = Admin;
				TargetAttributes = {
					8404158E1CBBFFF3009E61D5 = {
						CreatedOnToolsVersion = 7.2;
						DevelopmentTeam = 597DF497MN;
					};
				};
			};
			buildConfigurationList = 8404158A1CBBFFF3009E61D5 /* Build configuration list for PBXProject "APIHomework" */;
			compatibilityVersion = "Xcode 3.2";
			developmentRegion = English;
			hasScannedForEncodings = 0;
			knownRegions = (
				en,
				Base,
			);
			mainGroup = 840415861CBBFFF3009E61D5;
			productRefGroup = 840415901CBBFFF3009E61D5 /* Products */;
			projectDirPath = "";
			projectRoot = "";
			targets = (
				8404158E1CBBFFF3009E61D5 /* APIHomework */,
			);
		};
/* End PBXProject section */

/* Begin PBXResourcesBuildPhase section */
		8404158D1CBBFFF3009E61D5 /* Resources */ = {
			isa = PBXResourcesBuildPhase;
			buildActionMask = 2147483647;
			files = (
				840415A51CBBFFF3009E61D5 /* LaunchScreen.storyboard in Resources */,
				840415A21CBBFFF3009E61D5 /* Assets.xcassets in Resources */,
				8404159D1CBBFFF3009E61D5 /* Main.storyboard in Resources */,
			);
			runOnlyForDeploymentPostprocessing = 0;
		};
/* End PBXResourcesBuildPhase section */

/* Begin PBXSourcesBuildPhase section */
		8404158B1CBBFFF3009E61D5 /* Sources */ = {
			isa = PBXSourcesBuildPhase;
			buildActionMask = 2147483647;
			files = (
				8404159A1CBBFFF3009E61D5 /* ViewController.m in Sources */,
				840415971CBBFFF3009E61D5 /* AppDelegate.m in Sources */,
				840415A01CBBFFF3009E61D5 /* APIHomework.xcdatamodeld in Sources */,
				840415941CBBFFF3009E61D5 /* main.m in Sources */,
			);
			runOnlyForDeploymentPostprocessing = 0;
		};
/* End PBXSourcesBuildPhase section */

/* Begin PBXVariantGroup section */
		8404159B1CBBFFF3009E61D5 /* Main.storyboard */ = {
			isa = PBXVariantGroup;
			children = (
				8404159C1CBBFFF3009E61D5 /* Base */,
			);
			name = Main.storyboard;
			sourceTree = "<group>";
		};
		840415A31CBBFFF3009E61D5 /* LaunchScreen.storyboard */ = {
			isa = PBXVariantGroup;
			children = (
				840415A41CBBFFF3009E61D5 /* Base */,
			);
			name = LaunchScreen.storyboard;
			sourceTree = "<group>";
		};
/* End PBXVariantGroup section */

/* Begin XCBuildConfiguration section */
		840415A71CBBFFF3009E61D5 /* Debug */ = {
			isa = XCBuildConfiguration;
			buildSettings = {
				ALWAYS_SEARCH_USER_PATHS = NO;
				CLANG_CXX_LANGUAGE_STANDARD = "gnu++0x";
				CLANG_CXX_LIBRARY = "libc++";
				CLANG_ENABLE_MODULES = YES;
				CLANG_ENABLE_OBJC_ARC = YES;
				CLANG_WARN_BOOL_CONVERSION = YES;
				CLANG_WARN_CONSTANT_CONVERSION = YES;
				CLANG_WARN_DIRECT_OBJC_ISA_USAGE = YES_ERROR;
				CLANG_WARN_EMPTY_BODY = YES;
				CLANG_WARN_ENUM_CONVERSION = YES;
				CLANG_WARN_INT_CONVERSION = YES;
				CLANG_WARN_OBJC_ROOT_CLASS = YES_ERROR;
				CLANG_WARN_UNREACHABLE_CODE = YES;
				CLANG_WARN__DUPLICATE_METHOD_MATCH = YES;
				"CODE_SIGN_IDENTITY[sdk=iphoneos*]" = "iPhone Developer";
				COPY_PHASE_STRIP = NO;
				DEBUG_INFORMATION_FORMAT = dwarf;
				ENABLE_STRICT_OBJC_MSGSEND = YES;
				ENABLE_TESTABILITY = YES;
				GCC_C_LANGUAGE_STANDARD = gnu99;
				GCC_DYNAMIC_NO_PIC = NO;
				GCC_NO_COMMON_BLOCKS = YES;
				GCC_OPTIMIZATION_LEVEL = 0;
				GCC_PREPROCESSOR_DEFINITIONS = (
					"DEBUG=1",
					"$(inherited)",
				);
				GCC_WARN_64_TO_32_BIT_CONVERSION = YES;
				GCC_WARN_ABOUT_RETURN_TYPE = YES_ERROR;
				GCC_WARN_UNDECLARED_SELECTOR = YES;
				GCC_WARN_UNINITIALIZED_AUTOS = YES_AGGRESSIVE;
				GCC_WARN_UNUSED_FUNCTION = YES;
				GCC_WARN_UNUSED_VARIABLE = YES;
				IPHONEOS_DEPLOYMENT_TARGET = 9.2;
				MTL_ENABLE_DEBUG_INFO = YES;
				ONLY_ACTIVE_ARCH = YES;
				SDKROOT = iphoneos;
			};
			name = Debug;
		};
		840415A81CBBFFF3009E61D5 /* Release */ = {
			isa = XCBuildConfiguration;
			buildSettings = {
				ALWAYS_SEARCH_USER_PATHS = NO;
				CLANG_CXX_LANGUAGE_STANDARD = "gnu++0x";
				CLANG_CXX_LIBRARY = "libc++";
				CLANG_ENABLE_MODULES = YES;
				CLANG_ENABLE_OBJC_ARC = YES;
				CLANG_WARN_BOOL_CONVERSION = YES;
				CLANG_WARN_CONSTANT_CONVERSION = YES;
				CLANG_WARN_DIRECT_OBJC_ISA_USAGE = YES_ERROR;
				CLANG_WARN_EMPTY_BODY = YES;
				CLANG_WARN_ENUM_CONVERSION = YES;
				CLANG_WARN_INT_CONVERSION = YES;
				CLANG_WARN_OBJC_ROOT_CLASS = YES_ERROR;
				CLANG_WARN_UNREACHABLE_CODE = YES;
				CLANG_WARN__DUPLICATE_METHOD_MATCH = YES;
				"CODE_SIGN_IDENTITY[sdk=iphoneos*]" = "iPhone Developer";
				COPY_PHASE_STRIP = NO;
				DEBUG_INFORMATION_FORMAT = "dwarf-with-dsym";
				ENABLE_NS_ASSERTIONS = NO;
				ENABLE_STRICT_OBJC_MSGSEND = YES;
				GCC_C_LANGUAGE_STANDARD = gnu99;
				GCC_NO_COMMON_BLOCKS = YES;
				GCC_WARN_64_TO_32_BIT_CONVERSION = YES;
				GCC_WARN_ABOUT_RETURN_TYPE = YES_ERROR;
				GCC_WARN_UNDECLARED_SELECTOR = YES;
				GCC_WARN_UNINITIALIZED_AUTOS = YES_AGGRESSIVE;
				GCC_WARN_UNUSED_FUNCTION = YES;
				GCC_WARN_UNUSED_VARIABLE = YES;
				IPHONEOS_DEPLOYMENT_TARGET = 9.2;
				MTL_ENABLE_DEBUG_INFO = NO;
				SDKROOT = iphoneos;
				VALIDATE_PRODUCT = YES;
			};
			name = Release;
		};
		840415AA1CBBFFF3009E61D5 /* Debug */ = {
			isa = XCBuildConfiguration;
			buildSettings = {
				ASSETCATALOG_COMPILER_APPICON_NAME = AppIcon;
				INFOPLIST_FILE = APIHomework/Info.plist;
				LD_RUNPATH_SEARCH_PATHS = "$(inherited) @executable_path/Frameworks";
				PRODUCT_BUNDLE_IDENTIFIER = AZV.APIHomework;
				PRODUCT_NAME = "$(TARGET_NAME)";
			};
			name = Debug;
		};
		840415AB1CBBFFF3009E61D5 /* Release */ = {
			isa = XCBuildConfiguration;
			buildSettings = {
				ASSETCATALOG_COMPILER_APPICON_NAME = AppIcon;
				INFOPLIST_FILE = APIHomework/Info.plist;
				LD_RUNPATH_SEARCH_PATHS = "$(inherited) @executable_path/Frameworks";
				PRODUCT_BUNDLE_IDENTIFIER = AZV.APIHomework;
				PRODUCT_NAME = "$(TARGET_NAME)";
			};
			name = Release;
		};
/* End XCBuildConfiguration section */

/* Begin XCConfigurationList section */
		8404158A1CBBFFF3009E61D5 /* Build configuration list for PBXProject "APIHomework" */ = {
			isa = XCConfigurationList;
			buildConfigurations = (
				840415A71CBBFFF3009E61D5 /* Debug */,
				840415A81CBBFFF3009E61D5 /* Release */,
			);
			defaultConfigurationIsVisible = 0;
			defaultConfigurationName = Release;
		};
		840415A91CBBFFF3009E61D5 /* Build configuration list for PBXNativeTarget "APIHomework" */ = {
			isa = XCConfigurationList;
			buildConfigurations = (
				840415AA1CBBFFF3009E61D5 /* Debug */,
				840415AB1CBBFFF3009E61D5 /* Release */,
			);
			defaultConfigurationIsVisible = 0;
		};
/* End XCConfigurationList section */

/* Begin XCVersionGroup section */
		8404159E1CBBFFF3009E61D5 /* APIHomework.xcdatamodeld */ = {
			isa = XCVersionGroup;
			children = (
				8404159F1CBBFFF3009E61D5 /* APIHomework.xcdatamodel */,
			);
			currentVersion = 8404159F1CBBFFF3009E61D5 /* APIHomework.xcdatamodel */;
			path = APIHomework.xcdatamodeld;
			sourceTree = "<group>";
			versionGroupType = wrapper.xcdatamodel;
		};
/* End XCVersionGroup section */
	};
	rootObject = 840415871CBBFFF3009E61D5 /* Project object */;
}
